# THIS IS AN AUTOGENERATED FILE. DO NOT EDIT THIS FILE DIRECTLY.
assets/Bayer-BG-Web.jpg:
  development: 2018-04-25T07:04:31-07:00   96c827288f5c078492c657638d8ed274
assets/G.png:
  development: 2018-05-10T08:32:43-12:00   5e001c0981f3ef3a70a18175f444125e
assets/I.png:
  development: 2018-05-10T08:32:55-12:00   4fe0517124dc37b11f10ea27df5ec4b2
assets/J.png:
  development: 2018-05-10T08:33:06-12:00   346e29d5f233008dc3ec432a8e57ecf0
assets/K.png:
  development: 2018-05-10T08:33:21-12:00   4d3b8fd8dbf39b75baf7e637d7595706
assets/M.png:
  development: 2018-05-10T08:33:30-12:00   dd48dfc9b5f3986489a2da9b199b1e7d
assets/P.png:
  development: 2018-05-10T08:33:45-12:00   c0562847be7b5f3fdf431245ce835a89
assets/Q.png:
  development: 2018-05-10T08:34:38-12:00   82c6689617c923cca97771b18cdbb668
assets/S.png:
  development: 2018-05-10T08:33:56-12:00   685a8eb871ac65c917a8983149e52663
assets/T.png:
  development: 2018-05-10T08:34:09-12:00   392f16e58e30564884ad1b8f2dbcd139
assets/accordion-minus-icon.png:
  development: 2018-05-15T11:31:15-12:00   c7b831d5bc64ce732ec6b2c317aa8eda
assets/accordion-plus-icon.png:
  development: 2018-05-15T11:31:34-12:00   a2e41748b2833433cfd9ad97e7e03518
assets/arrow-next-icon.png:
  development: 2018-05-18T08:26:31-12:00   a7613c9cc521a377d6bb56a6f379ca51
assets/arrow-prev-icon.png:
  development: 2018-05-18T08:25:42-12:00   44778c60e5e44f5be7cab22cdda5ac7d
assets/checkout.scss:
  development: 2018-05-28T04:38:54-12:00   1a48bece1a5fc305153b302c17691701
assets/checkout_bg.png:
  development: 2018-05-24T08:32:51-12:00   c91173c9f650ebc73a666abb1a8814f0
assets/custom.js:
  development: 2018-04-25T07:04:31-07:00   4c95b7165c8e23a3cebb791937ac5349
assets/drSchollslogo.png:
  development: 2018-04-25T07:04:32-07:00   ab8f51cfa7739bdcbe95b656b73c0b11
assets/filter-down.png:
  development: 2018-04-25T07:04:32-07:00   e527e8f7540967f470afa2eaffce8cab
assets/filter-up.png:
  development: 2018-04-25T07:04:32-07:00   ca2392ad47a0cb2d13210f66a13b8bad
assets/filter-x.png:
  development: 2018-04-25T07:04:32-07:00   bf8ab1e33d9f91d9ea3db7e1620898e9
assets/form-down-icon.png:
  development: 2018-05-10T11:36:43-12:00   55d9bc75b13b93d6e7fa6065ff3c5ae9
assets/form-minus-icon.png:
  development: 2018-05-10T11:35:26-12:00   c7389ecef202118f566a4103fdd6d8e2
assets/form-plus-icon.png:
  development: 2018-05-10T11:34:53-12:00   4bab002f20fd81d67a6336082f36e358
assets/hamburger-blue-icon.png:
  development: 2018-05-09T04:01:19-12:00   e348f7b9926186a3d2c79e55df044411
assets/hamburger-white-icon.png:
  development: 2018-05-03T11:44:22-12:00   202a4cd2424f5c00b411d1cd1d7e654f
assets/ico-select.svg.liquid:
  development: 2018-04-25T07:04:32-07:00   765be6d2ef08d76aa0f1aab48a10e2b7
assets/jquery.simpler-sidebar.js:
  development: 2018-05-03T11:08:54-12:00   c1a34a887720e67e047631d87b1bd9de
assets/lazysizes.min.js.liquid:
  development: 2018-04-25T07:04:32-07:00   5dd7f4f274a5573ed6575f43c21ad62d
assets/polyfills.js:
  development: 2018-04-25T07:04:32-07:00   b558f1a6f42adcd63f2c091d80185c7d
assets/shoe-athletic.png:
  development: 2018-04-25T07:04:32-07:00   922bd017613e5db304bf69589dd17fea
assets/shoe-casual.png:
  development: 2018-04-25T07:04:32-07:00   45e1025273f18a5563cd4ffde5b36c7b
assets/shoe-dress.png:
  development: 2018-04-25T07:04:33-07:00   909588ae5a43575bde1e1d628c7c02d4
assets/shoe-narrow.png:
  development: 2018-04-25T07:04:33-07:00   69d519e098d8f22c4d57513f3cebb53d
assets/shoe-work.png:
  development: 2018-04-25T07:04:33-07:00   c5890dd9164521a930f40f597a92d9b8
assets/sidebar-close-icon.png:
  development: 2018-05-04T06:21:06-12:00   bd847edc3212b6bfb566a3b898f55880
assets/theme.min.js.liquid:
  development: 2018-04-25T07:04:33-07:00   9be7c83fd78fe1820c2111e0f8a09d67
assets/theme.scss.liquid:
  development: 2018-05-24T05:56:30-12:00   1f43ac993db2808236bc512a70b640e6
assets/wiivv-brandmarque.png:
  development: 2018-05-24T06:18:05-12:00   9e4b4da47d5fc6912d404606bd4eeff8
config/settings_data.json:
  development: 2018-05-27T03:30:54-12:00   6c34f1a11dc693fd5f1a7423c3eb8337
config/settings_schema.json:
  development: 2018-04-25T07:04:39-07:00   4bade18c196a9ffb4513617e1130b177
layout/checkout.liquid:
  development: 2018-05-28T02:42:25-12:00   cc3f192475c854c5b5bed23ec2e5f6b3
layout/giftcard.liquid:
  development: 2018-04-25T07:04:33-07:00   383c724191e4fbe7c8e9db0667fdeba9
layout/password.liquid:
  development: 2018-04-25T07:04:33-07:00   7bf7399224d7760d8cf946f8ab1a15fe
layout/theme.liquid:
  development: 2018-05-24T12:09:09-12:00   26949a7c194d14d530df4385804614c3
locales/de.json:
  development: 2018-04-25T07:04:33-07:00   663d9003760f15ce1ff3151253ba1580
locales/en.default.json:
  development: 2018-05-23T08:23:52-12:00   28283ddafaed4330bd0bfa20db93c309
locales/es.json:
  development: 2018-04-25T07:04:33-07:00   a71f82b7f14f87e3a753e7cec226fe78
locales/fr.json:
  development: 2018-04-25T07:04:34-07:00   6e1edb37042db74903f72e04c34cf2c0
locales/it.json:
  development: 2018-04-25T07:04:34-07:00   664c0537a5626c88e6974c12d57b69c7
locales/ja.json:
  development: 2018-04-25T07:04:34-07:00   d111167410c1a0f95b1cd63452695e7e
locales/pt-BR.json:
  development: 2018-04-25T07:04:34-07:00   33fb3614e72e43c76f3cbf6efb6fb727
locales/pt-PT.json:
  development: 2018-04-25T07:04:34-07:00   65e446a311dac4747fa105feef783651
sections/3-4-length-specs.liquid:
  development: 2018-04-26T13:58:53-07:00   31df5b74333846c96fb9306c575b75aa
sections/DRS-home-fullwidth-text.liquid:
  development: 2018-05-10T04:39:56-12:00   b5b8376ddce31c82227fb407200f4ae4
sections/DRS-pdp-slider.liquid:
  development: 2018-05-16T18:08:00-12:00   af000e8f945fcd9786b8ca972752b85f
sections/DRS-placeholder-home.liquid:
  development: 2018-05-28T09:04:15-12:00   f138449f5f6d1b5f3b5414c0d118e81e
sections/about-3-4.liquid:
  development: 2018-05-17T09:13:04-12:00   b6661cf5b0fa2efcc2a6f535c9b9b50d
sections/about-full.liquid:
  development: 2018-05-17T09:23:24-12:00   ed9c1cf19bba2b493b1f254daad81817
sections/article-template.liquid:
  development: 2018-04-25T07:04:28-07:00   f9fc8b1a796fd0fa516107ee8046d46e
sections/blog-template.liquid:
  development: 2018-04-26T14:24:23-07:00   64e16cdfe1673d1a7c7f823e8b7975dc
sections/cart-template.liquid:
  development: 2018-04-25T07:04:28-07:00   1ac43e1eaf28608e8821251653eb1010
sections/cart.liquid:
  development: 2018-05-28T22:43:08-12:00   189a5baa3eab22f8310bf5e075157e40
sections/checkout.liquid:
  development: 2018-05-21T10:56:50-12:00   f4f8db90d39b1bf13ba751aa6b89f877
sections/collection-list.liquid:
  development: 2018-04-26T15:58:33-07:00   ba4c7e04b9cbf879af78a55788231112
sections/collection-template.liquid:
  development: 2018-05-09T04:42:49-12:00   20c77c126e6beb71c10dcb316db7236b
sections/custom-content.liquid:
  development: 2018-04-25T07:04:28-07:00   32510fb0901328c85417c7d8af3b33a2
sections/custom-footer.liquid:
  development: 2018-05-11T09:33:04-12:00   22043048af78726935cac89f7d6d21ac
sections/custom-heading.liquid:
  development: 2018-05-11T09:57:51-12:00   b6cec0eab8e18eef48cc9f46df6b3acb
sections/custom-heading1.liquid:
  development: 2018-05-16T17:55:46-12:00   3617dfd906645e01392abc2a309b2caa
sections/custom_featured_collection.liquid:
  development: 2018-04-26T17:04:24-07:00
sections/feature-row.liquid:
  development: 2018-04-25T07:04:28-07:00   708f0c507ae04f3bc3ca67fa4cf33ab5
sections/featured-blog.liquid:
  development: 2018-04-25T07:04:28-07:00   ef07d0e1eb2a9bd70296b9e6789afdcd
sections/featured-collection.liquid:
  development: 2018-05-17T06:03:02-12:00   dd7d3040054d5d066befffea2e1b560b
sections/featured-product.liquid:
  development: 2018-04-27T04:10:32-07:00   d4b57210cbc4c13d62d191c0f0ee97cd
sections/featured-slider.liquid:
  development: 2018-04-25T07:04:28-07:00   5805387138a2a7ca96bd79d0918cfc6c
sections/footer-content.liquid:
  development: 2018-05-10T04:51:26-12:00   675a782ce4d4a49f226fe39f6fb49ab2
sections/footer.liquid:
  development: 2018-05-01T14:04:16-07:00   8d68c282c76d7cbab7a1d89d8aae7a6b
sections/full-length-specs.liquid:
  development: 2018-04-25T07:04:28-07:00   7a2bb528c0364894d2f548b1cc47860e
sections/gallery.liquid:
  development: 2018-04-25T07:04:29-07:00   1f80893b2232040167fbb6f820d20ce8
sections/header.liquid:
  development: 2018-05-28T04:36:17-12:00   b9b399b2a8573cd9d5a05ba3626f2aae
sections/hero.liquid:
  development: 2018-05-17T11:40:22-12:00   b699524d0b58be4ba7f6047afb02abf1
sections/highlight-app.liquid:
  development: 2018-05-24T06:01:56-12:00   a3b173505292866b7290d174b14587c4
sections/highlight.liquid:
  development: 2018-05-24T05:55:18-12:00   62960b26c61a0141e99375a4ce15a012
sections/highlight1-app.liquid:
  development: 2018-05-24T06:01:45-12:00   660a43a263f0cd98db45d719e8d59e3c
sections/highlight1.liquid:
  development: 2018-05-24T05:57:44-12:00   f08a4c17f740147f29c4e15b6162c8ad
sections/how-it-works-hero.liquid:
  development: 2018-05-30T10:13:12-12:00   d0c591f50fde54df0bec9f3b50030a1a
sections/how-it-works-top.liquid:
  development: 2018-05-27T07:22:40-12:00   06485c425403809ce24400ea0e229ca4
sections/left-image.liquid:
  development: 2018-05-27T09:38:03-12:00   e3ee0b31735f44a0b614fc4b0ed42e06
sections/left-image1.liquid:
  development: 2018-05-27T09:38:14-12:00   d0455a2bcacce47cca7e5fec75d9d83e
sections/list-collections-template.liquid:
  development: 2018-04-25T07:04:29-07:00   693060ba58dedb9c1f5f05f7a380d06e
sections/map.liquid:
  development: 2018-04-25T07:04:29-07:00   fa3b143be46e2f58c643cd77a356b82a
sections/mobile-collection-template.liquid:
  development: 2018-05-11T09:51:46-12:00   ce5f005fdab9d9bd426b2bb866861b12
sections/newsletter.liquid:
  development: 2018-04-25T07:04:29-07:00   36dc30d4a9e81ac9dda885e886a62beb
sections/password-content.liquid:
  development: 2018-04-25T07:04:29-07:00   84489e557fd049d29d0c0c9aa37fcdd1
sections/password-footer.liquid:
  development: 2018-04-25T07:04:29-07:00   6150a647d2491864eaaf72ee11b57334
sections/password-header.liquid:
  development: 2018-04-25T07:04:29-07:00   75c2f28653bbb373eac3cac397ffba9e
sections/pdp-mobile-cta.liquid:
  development: 2018-05-16T15:23:15-12:00   f51afd3858242e930eaedc58a55f1b93
sections/process-app.liquid:
  development: 2018-05-17T09:44:14-12:00   daf2066d022cea5cecb9d9f01ee4bba0
sections/product-template.liquid:
  development: 2018-04-25T07:04:29-07:00   2aaecd6edc994ba5a144949998c7b554
sections/quotes.liquid:
  development: 2018-04-25T07:04:29-07:00   5d1bce2f44809915d2a3f1cddd2811a3
sections/rich-text.liquid:
  development: 2018-04-25T07:04:29-07:00   5a7995b1ba2fd7f418094b18654fe0de
sections/right-image.liquid:
  development: 2018-05-30T10:21:41-12:00   01c12c428ac5339f344efde510c0c79d
sections/right-image1.liquid:
  development: 2018-05-27T09:38:08-12:00   855c93f76c5fd83fcdc38596192a1906
sections/search-template.liquid:
  development: 2018-04-25T07:04:29-07:00   e51ed1cae46013c9cd4fdbc8e33daaa7
sections/slideshow.liquid:
  development: 2018-04-25T07:04:29-07:00   e0e2326e532df07af8ca4f74757014d3
sections/temp.liquid:
  development: 2018-04-25T07:04:29-07:00   165863efd484286c540e2211ee07e9e8
sections/test-video.liquid:
  development: 2018-05-04T08:39:45-12:00   c67f7d46343db86e70ae3c97ef0dff7c
sections/video.liquid:
  development: 2018-05-10T09:45:47-12:00   1bceefb39d9f0f4975d30c4f58a11d64
sections/wiibb-PDP-best-for.liquid:
  development: 2018-05-07T15:38:30-07:00   4889430af392bc62c1e4780ae2cde8a6
sections/wiivv-3-4-feature-01.liquid:
  development: 2018-04-30T13:50:07-07:00   bfda900cb294ece063fa41dc41a3e3a5
sections/wiivv-3-4-feature-02.liquid:
  development: 2018-04-30T13:50:17-07:00   49259eb26745dc935df2939a63cb2163
sections/wiivv-3-4-feature-03.liquid:
  development: 2018-04-25T07:04:30-07:00   27fd258b0857e254408faba526323a95
sections/wiivv-PDP-3-4-custom-guarantee.liquid:
  development: 2018-05-16T17:21:04-12:00   83ac8c92d379631c8479b9f9f745ce70
sections/wiivv-PDP-3-4-feature-01.liquid:
  development: 2018-05-16T17:25:58-12:00   d83a7b01de2615a0c8273f8ac75b193f
sections/wiivv-PDP-3-4-feature-02.liquid:
  development: 2018-05-16T17:26:47-12:00   6e9f78f2c37c5df79a4dd8b9b211bcff
sections/wiivv-PDP-3-4-feature-03.liquid:
  development: 2018-05-16T17:28:35-12:00   2d115854a513572f5d352f30df2fb2a2
sections/wiivv-PDP-3-4-feature-04.liquid:
  development: 2018-05-16T17:29:11-12:00   67ffd9a396db4c28d781f9d996b11407
sections/wiivv-PDP-3-4-product.liquid:
  development: 2018-05-30T10:55:41-12:00   bf0c95bbbe21f5eb9aafd112d3a38662
sections/wiivv-PDP-footer.liquid:
  development: 2018-04-25T07:04:30-07:00   97ff799de7547facfeaf52d4a68b4137
sections/wiivv-PDP-full-custom-guarantee.liquid:
  development: 2018-05-16T17:21:12-12:00   df8ef7199fa18bf1b6a6ab8002cf0711
sections/wiivv-PDP-guarantee.liquid:
  development: 2018-05-18T03:56:38-12:00   c7d7dc632dbf9063f5442ec2ff074bb2
sections/wiivv-PDP-product-extended.liquid:
  development: 2018-04-25T07:04:30-07:00   bb1acb8655c04d7df46361193da56766
sections/wiivv-PDP-slideshow.liquid:
  development: 2018-05-18T03:56:29-12:00   98dc6e53baf70f844d81549bd121325e
sections/wiivv-PDP-technology.liquid:
  development: 2018-05-24T06:33:33-12:00   eb4bb5a86c1bd4ed774ce02d9c634f12
sections/wiivv-PLP-custom-collections.liquid:
  development: 2018-04-25T07:04:30-07:00   38e676dbb8eaddc0c016c74a7eff5fc4
sections/wiivv-PLP-footer.liquid:
  development: 2018-04-25T07:04:30-07:00   72b4256ec19951a507ceb1fa33296c68
sections/wiivv-custom-collections.liquid:
  development: 2018-04-25T18:22:36-07:00   582ba55d1913a486b7410fdd316c773d
sections/wiivv-custom-content-fullwidth.liquid:
  development: 2018-04-25T18:23:05-07:00   3ea58bf713d25203679154748b5b1692
sections/wiivv-custom-content.liquid:
  development: 2018-04-25T07:04:30-07:00   3ffb70f4705dcdacdfea49f1bddc2c3c
sections/wiivv-drawer.liquid:
  development: 2018-04-25T07:04:30-07:00   6464beca51673efc4619d765660ab52b
sections/wiivv-feature-01.liquid:
  development: 2018-04-25T07:04:30-07:00   df67267451765e4a4af53917ee110a74
sections/wiivv-feature-02.liquid:
  development: 2018-04-25T07:04:30-07:00   5cfe897fe5d9fe316fa198ccd04c8fa2
sections/wiivv-feature-03.liquid:
  development: 2018-04-25T07:04:30-07:00   ad2f20104e84a16b3f1e1a3690486a76
sections/wiivv-feature-slideshow.liquid:
  development: 2018-04-25T07:04:31-07:00   29b6016eaf1d12eac95cb0318032ae73
sections/wiivv-feature.liquid:
  development: 2018-04-25T07:04:31-07:00   1311379ffa4145ae602425fe7b1f0e93
sections/wiivv-image-overlay.liquid:
  development: 2018-05-28T04:25:47-12:00   aceb0d76fb543375f8cc0aa789d7884d
sections/wiivv-product-image-overlay.liquid:
  development: 2018-04-25T07:04:31-07:00   f6b2065b9c47ae71b5dda3c5a2da7c3a
sections/wiivv-product-slideshow.liquid:
  development: 2018-04-25T07:04:31-07:00   738a678231652992860eb0e8f0fc5a0e
sections/wiivv-row.liquid:
  development: 2018-05-09T11:54:09-12:00   37b8820315245e567c33c125324ee893
sections/wiivv-video.liquid:
  development: 2018-04-25T07:04:31-07:00   0e940e196b6ce590201eb49cc23c753a
snippets/article-card.liquid:
  development: 2018-04-25T07:04:34-07:00   c25b215fefc3e5a0f895b14ad7f3905c
snippets/bgset.liquid:
  development: 2018-04-25T07:04:34-07:00   9a6760d57fe34fcd1f7a7876e087b756
snippets/card-image.liquid:
  development: 2018-05-11T10:55:23-12:00   dbea2560569a1f02c515f0449a8ecba0
snippets/cart-drawer.liquid:
  development: 2018-04-25T07:04:34-07:00   b2c159b5ad531b640e52eaae3f962b5c
snippets/collection-card.liquid:
  development: 2018-04-25T07:04:34-07:00   e808f2eceb28481e487f0aa57db42b9f
snippets/comment.liquid:
  development: 2018-04-25T07:04:34-07:00   dfe8768264bbcefb9282297e32929fa9
snippets/critical-css.liquid:
  development: 2018-04-25T07:04:34-07:00   a3e4defe76a8e28b4a5c80995ef39644
snippets/featured-article-card.liquid:
  development: 2018-04-25T07:04:34-07:00   c61f01f759a5b9c6a09fbe4617d64893
snippets/google-fonts.liquid:
  development: 2018-04-25T07:04:34-07:00   377ddc183ac7882100f47299bb8e0467
snippets/icon-amazon_payments.liquid:
  development: 2018-04-25T07:04:34-07:00   ec8359cdda389706cc36ae917892d93f
snippets/icon-american_express.liquid:
  development: 2018-04-25T07:04:34-07:00   9da829decce6867b8de60a183c94d099
snippets/icon-apple_pay.liquid:
  development: 2018-04-25T07:04:34-07:00   e82e7acc46479ea2173926f8fad55db0
snippets/icon-arrow-down.liquid:
  development: 2018-04-25T07:04:34-07:00   5f04b092b5cf026cd6fab3f33ebdf036
snippets/icon-arrow-left.liquid:
  development: 2018-04-25T07:04:34-07:00   cd14a4a3d1381fa4c51026da37cf8ea0
snippets/icon-arrow-right-slideshow.liquid:
  development: 2018-04-25T07:04:34-07:00   fb976cd26c89f7179023244f175303a3
snippets/icon-arrow-right.liquid:
  development: 2018-04-25T07:04:34-07:00   d2ffeb88a5b63fd608ea046b9a600838
snippets/icon-bitcoin.liquid:
  development: 2018-04-25T07:04:34-07:00   d8cb31e0401818c1cb852348b6f27420
snippets/icon-box.liquid:
  development: 2018-04-25T07:04:34-07:00   d7b1339471b3992987bc056975376989
snippets/icon-burger.liquid:
  development: 2018-04-25T07:04:35-07:00   8f6e3bd02dac6b5a4496c529424c67f2
snippets/icon-card.liquid:
  development: 2018-04-25T07:04:35-07:00   ce2bef2bba08c286f5e365df741e3fef
snippets/icon-cart.liquid:
  development: 2018-04-25T07:04:35-07:00   382bafd5e5d83a2658f6fa14111cacb4
snippets/icon-check.liquid:
  development: 2018-04-25T07:04:35-07:00   3b907720158aa04f3d28bd5c80b3bf96
snippets/icon-checkmark.liquid:
  development: 2018-04-25T07:04:35-07:00   ed3423c04640922009187e8d33cda6fc
snippets/icon-cirrus.liquid:
  development: 2018-04-25T07:04:35-07:00   fcbd6ce7e38d7946c921c8ed6ad5ca71
snippets/icon-clock.liquid:
  development: 2018-04-25T07:04:35-07:00   ba2a5f87bdeffce312b83cd224aa7e08
snippets/icon-close.liquid:
  development: 2018-04-25T07:04:35-07:00   2656dc1044008a377484ac2271d0a0c9
snippets/icon-dankort.liquid:
  development: 2018-04-25T07:04:35-07:00   796e1e822b3e46784d303b48c9db5b29
snippets/icon-details.liquid:
  development: 2018-04-25T07:04:35-07:00   8e4fa5966722634ae7e6df54581a8afe
snippets/icon-diners_club.liquid:
  development: 2018-04-25T07:04:35-07:00   cf70ea54486bb14c286264f90dab9ff8
snippets/icon-discover.liquid:
  development: 2018-04-25T07:04:35-07:00   b43221b39bc3df37f7e6c7810d3e54d8
snippets/icon-dogecoin.liquid:
  development: 2018-04-25T07:04:35-07:00   6a35f5db9eb93d1ed563c6989ff30798
snippets/icon-dwolla.liquid:
  development: 2018-04-25T07:04:35-07:00   aeb86f67aad84adaf7635d2043cb89a9
snippets/icon-envelope.liquid:
  development: 2018-04-25T07:04:35-07:00   45b269de5508dbee1d689539b73a5fdf
snippets/icon-facebook.liquid:
  development: 2018-04-25T07:04:35-07:00   171f165ba852e612397c4000adf62fd3
snippets/icon-forbrugsforeningen.liquid:
  development: 2018-04-25T07:04:35-07:00   ff962a94f23046340766c215b0f14a52
snippets/icon-globe.liquid:
  development: 2018-04-25T07:04:35-07:00   6808771af234443155b44d7dd590cb3d
snippets/icon-google.liquid:
  development: 2018-04-25T07:04:35-07:00   bc7b21205b5056a79aa05d2f32e8bcee
snippets/icon-hamburger.liquid:
  development: 2018-04-25T07:04:35-07:00   376481fbfb3706d72c5a9ecd55394ae5
snippets/icon-header-bag.liquid:
  development: 2018-04-25T07:04:35-07:00   1fec66ce5b2bd7e9dc226b512d215992
snippets/icon-header-cart.liquid:
  development: 2018-04-25T07:04:35-07:00   a6180c515936e463cb7066ccfe23880c
snippets/icon-instagram.liquid:
  development: 2018-04-25T07:04:35-07:00   bf50214819f6e2a5f053593e2414526d
snippets/icon-interac.liquid:
  development: 2018-04-25T07:04:35-07:00   24c4d22a98c0574c32fc02fe39e34b80
snippets/icon-jcb.liquid:
  development: 2018-04-25T07:04:35-07:00   275259ce80a1b368d0e5afcf7d6bb6f3
snippets/icon-klarna.liquid:
  development: 2018-04-25T07:04:36-07:00   9faa80c27e5612a01f9f0f9fc3ad3d6f
snippets/icon-laser.liquid:
  development: 2018-04-25T07:04:36-07:00   bd1a0ecfe958b6a6e84bf80e0669a6da
snippets/icon-leaf.liquid:
  development: 2018-04-25T07:04:36-07:00   1da27719eeb4c5c1007eaa621389c0ae
snippets/icon-linearrow-left.liquid:
  development: 2018-04-25T07:04:36-07:00   46f86e657e5d98eb1b2cdf11fbbd5da4
snippets/icon-litecoin.liquid:
  development: 2018-04-25T07:04:36-07:00   051dfcb36fa17b532a087b12f0a49e0e
snippets/icon-lock.liquid:
  development: 2018-04-25T07:04:36-07:00   60ae7ba03d14efa582faed8855821a58
snippets/icon-maestro.liquid:
  development: 2018-04-25T07:04:36-07:00   b987e558ecad607661489939ec8ca524
snippets/icon-master.liquid:
  development: 2018-04-25T07:04:36-07:00   7be93970b63c2fd0e2b319a35c00a9d7
snippets/icon-minus-small.liquid:
  development: 2018-04-25T07:04:36-07:00   0416cd76b28564e529f2223f83759dfa
snippets/icon-minus.liquid:
  development: 2018-04-25T07:04:36-07:00   78c513424d498299e865f8a242823ad0
snippets/icon-padlock.liquid:
  development: 2018-04-25T07:04:36-07:00   83097f352bbe12911e0380f17438dfda
snippets/icon-paypal.liquid:
  development: 2018-04-25T07:04:36-07:00   1b0d7db160b229b8519cccf2514ee676
snippets/icon-pinterest.liquid:
  development: 2018-04-25T07:04:36-07:00   701f2a785b3fa83d63e3ab54af060031
snippets/icon-playdesktop.liquid:
  development: 2018-04-25T07:04:36-07:00   9e5bb7a68afd7a085dc01fb2f649e902
snippets/icon-playmobile.liquid:
  development: 2018-04-25T07:04:36-07:00   a674c6e9a7118b671bff3a9d0ab7e57e
snippets/icon-plus-small.liquid:
  development: 2018-04-25T07:04:36-07:00   0121f973beb22b48f7acfd4225d5a76a
snippets/icon-plus.liquid:
  development: 2018-04-25T07:04:36-07:00   366727a7da9ea5bb916bae995b8d89e1
snippets/icon-pricetag.liquid:
  development: 2018-04-25T07:04:36-07:00   bcf5aed59f24a63403e9161cfdfba29a
snippets/icon-rss.liquid:
  development: 2018-04-25T07:04:36-07:00   6493d6bcb850513a55823d4ff62b0f8b
snippets/icon-search.liquid:
  development: 2018-04-25T07:04:36-07:00   d686994826947e0f74fb96145071327d
snippets/icon-share.liquid:
  development: 2018-04-25T07:04:36-07:00   f3c8a76a9837d080d141abc2931ac600
snippets/icon-shopify-logo.liquid:
  development: 2018-04-25T07:04:36-07:00   3f0b70f9e01be5b25507d25a732ecde7
snippets/icon-shopify_pay.liquid:
  development: 2018-04-25T07:04:36-07:00   0af2d9a3a7f1b14dfc11f8e4b9746c2d
snippets/icon-silhouette.liquid:
  development: 2018-04-25T07:04:36-07:00   b49a2b2d275fe17c84e76481c0bdd8e9
snippets/icon-snapchat.liquid:
  development: 2018-04-25T07:04:37-07:00   d6f0dedb86544b535e6ea5b25f66ef0d
snippets/icon-solo.liquid:
  development: 2018-04-25T07:04:37-07:00   b25ae03bf849e816d110bc1c1e6439e7
snippets/icon-stripe.liquid:
  development: 2018-04-25T07:04:37-07:00   208713954dff9de98f800df59763615d
snippets/icon-switch.liquid:
  development: 2018-04-25T07:04:37-07:00   26d43059f98996274c0fe414971fb271
snippets/icon-touchclose.liquid:
  development: 2018-04-25T07:04:37-07:00   6e91e00f5482bf2e967f6038d90d30a8
snippets/icon-touchshare.liquid:
  development: 2018-04-25T07:04:37-07:00   b623d31599ebf8d612692e9e4ac81b56
snippets/icon-trophy.liquid:
  development: 2018-04-25T07:04:37-07:00   e3399235669bc82ef25f35b99b3eb075
snippets/icon-truck.liquid:
  development: 2018-04-25T07:04:37-07:00   90e2066b3e0f68e72b5b9733273e1385
snippets/icon-tumblr.liquid:
  development: 2018-04-25T07:04:37-07:00   d71a4ada77a8a9b6bd792bdafef393de
snippets/icon-twitter.liquid:
  development: 2018-04-25T07:04:37-07:00   24047c22697a23a0baabf2804adc6c11
snippets/icon-vimeo.liquid:
  development: 2018-04-25T07:04:37-07:00   a229ed8a1a81e6ef95ad621f8a34efb6
snippets/icon-visa.liquid:
  development: 2018-04-25T07:04:37-07:00   9098533cd59e385d2672f6d8b7fa4b04
snippets/icon-youtube.liquid:
  development: 2018-04-25T07:04:37-07:00   9d72c5bc3eaa14a3e7aefd921881b1ae
snippets/load-css.liquid:
  development: 2018-04-25T07:04:37-07:00   c4f93b65f1c52d989e7c682052da547a
snippets/no-blocks.liquid:
  development: 2018-04-25T07:04:37-07:00   0cb7d758b6df0feb07ae5804b4b627fa
snippets/page-card.liquid:
  development: 2018-04-25T07:04:37-07:00   327a0ef7238ae95e349a03a6639de1c8
snippets/pagination.liquid:
  development: 2018-04-25T07:04:37-07:00   456f50471da588f31d6d229a8fd41868
snippets/placeholder-collection.liquid:
  development: 2018-04-25T07:04:37-07:00   4782b63d724c9ebd2bf2573b98e634c3
snippets/placeholder-image.liquid:
  development: 2018-04-25T07:04:37-07:00   744b89fc1920ac26b9992a73f43a4408
snippets/placeholder-lifestyle.liquid:
  development: 2018-04-25T07:04:37-07:00   f7f57772e9e1ead91d75cacc7f600c66
snippets/placeholder-logo.liquid:
  development: 2018-04-25T07:04:37-07:00   1e2891b47a0d322df27e7952f71b49ec
snippets/placeholder-product.liquid:
  development: 2018-04-25T07:04:37-07:00   32f6c46b4d92af83aa24ee2cfec0eb0e
snippets/product-card.liquid:
  development: 2018-05-09T07:59:55-12:00   d719b1b423ff71d8c217563fbd38fb4b
snippets/product-form.liquid:
  development: 2018-04-25T07:04:37-07:00   b564e5c5fdfc8788601cd00ffb51b87a
snippets/search-bar.liquid:
  development: 2018-04-25T07:04:37-07:00   5842bd9745263ff18fc5360c31d04090
snippets/social-links.liquid:
  development: 2018-04-25T07:04:38-07:00   d57cddddd257ef6a84576bad8b5a9c06
snippets/social-meta-tags.liquid:
  development: 2018-04-25T07:04:38-07:00   ae9e213401623b2601abf0ace8e21537
snippets/social-sharing.liquid:
  development: 2018-04-25T07:04:38-07:00   348c83ee4f149858971a6f7d3323c453
snippets/spinner.liquid:
  development: 2018-04-25T07:04:38-07:00   b0323390a705125bae519b9f76df498f
snippets/wiivv-placeholder-img01.liquid:
  development: 2018-04-25T07:04:38-07:00   03dac96a40c1d5f2da82179dcc6fa4da
snippets/wiivv-placeholder-img02.liquid:
  development: 2018-04-25T07:04:38-07:00   03dac96a40c1d5f2da82179dcc6fa4da
snippets/wiivv-placeholder-img03.liquid:
  development: 2018-04-25T07:04:38-07:00   03dac96a40c1d5f2da82179dcc6fa4da
snippets/wiivv-plp-footer.liquid:
  development: 2018-04-25T07:04:38-07:00   a8b57ecf2925544e4a1c510ac8c48135
templates/404.liquid:
  development: 2018-04-25T07:04:38-07:00   e4fbd978bf36321d6c78194d94831ff1
templates/article.liquid:
  development: 2018-04-25T07:04:38-07:00   4cdd079a9d70ae40e126727ccbe47bde
templates/blog.liquid:
  development: 2018-04-26T16:11:26-07:00   e993cbd9a86c14397aa6b0cac4d2dfab
templates/cart.liquid:
  development: 2018-05-16T13:00:30-12:00   4894691c695e4969350b95d943f13a7a
templates/collection.liquid:
  development: 2018-05-24T06:02:14-12:00   8822e1bfa021371c6680872d54b2397a
templates/customers/account.liquid:
  development: 2018-04-25T07:04:38-07:00   e76a444f955b90a4a6c681395a68c117
templates/customers/activate_account.liquid:
  development: 2018-04-25T07:04:38-07:00   b49ddf4f5328dafd2b736ec3385ffbd5
templates/customers/addresses.liquid:
  development: 2018-04-25T07:04:38-07:00   209884c39ea4819de14521d31453638a
templates/customers/login.liquid:
  development: 2018-04-25T07:04:38-07:00   3ee5816b9e4e91e07e7b8a552559d672
templates/customers/order.liquid:
  development: 2018-04-25T07:04:38-07:00   893808f2578bc8ca0b15e51843681efa
templates/customers/register.liquid:
  development: 2018-04-25T07:04:38-07:00   e8197c4960c85ce5d4e1d0fc5f8d06ff
templates/customers/reset_password.liquid:
  development: 2018-04-25T07:04:38-07:00   d52569cbb237fdb708404655426f6921
templates/gift_card.liquid:
  development: 2018-04-25T07:04:38-07:00   d780ee5d6b8079b7c6f958390f63b77d
templates/index.liquid:
  development: 2018-05-17T10:28:16-12:00   4632edf25458b98122ef6a361736f5df
templates/list-collections.liquid:
  development: 2018-04-26T16:06:03-07:00   2a3229f9bf1a7d5da0eb25003db24b63
templates/page.contact.liquid:
  development: 2018-04-25T07:04:38-07:00   c0c82539dc7a4f0f2e32b9c965a0a8e7
templates/page.liquid:
  development: 2018-05-30T10:12:38-12:00   654b3713a61748fc9313412d64379d99
templates/page.test-video-player.liquid:
  development: 2018-05-03T11:37:35-12:00   8e1e89e4f6f33a45469848b31f5ed600
templates/password.liquid:
  development: 2018-04-25T07:04:39-07:00   30d1743d26765ce8c3fa53a3fdf9524f
templates/product.liquid:
  development: 2018-05-28T09:09:45-12:00   dc77eb8fb4c74414408e388d5a3b37b5
templates/search.liquid:
  development: 2018-04-25T07:04:39-07:00   36e56dea53e5f5b4131c23124c2e9af6
